
Microsoft Visual Studio Solution File, Format Version 12.00
# Visual Studio Version 17
VisualStudioVersion = 17.8.34330.188
MinimumVisualStudioVersion = 10.0.40219.1
Project("{9A19103F-16F7-4668-BE54-9A1E7A4F7556}") = "HospitalManagement", "HospitalManagement\HospitalManagement.csproj", "{54342139-E425-4AB4-B723-3FC7FD764E25}"
EndProject
Project("{9A19103F-16F7-4668-BE54-9A1E7A4F7556}") = "Hospital.Models", "Hospital.Models\Hospital.Models.csproj", "{A26763CE-BF59-4674-BA47-1F201762609B}"
EndProject
Project("{9A19103F-16F7-4668-BE54-9A1E7A4F7556}") = "Hospital.ViewModels", "Hospital.ViewModels\Hospital.ViewModels.csproj", "{8DD96446-BEB0-4391-8478-3655141B3BC2}"
EndProject
Project("{9A19103F-16F7-4668-BE54-9A1E7A4F7556}") = "Hospital.Repositories", "Hospital.Repositories\Hospital.Repositories.csproj", "{D53D4C69-4221-493F-AE0A-6A1D545099A2}"
EndProject
Project("{9A19103F-16F7-4668-BE54-9A1E7A4F7556}") = "Hospital.Services", "Hospital.Services\Hospital.Services.csproj", "{76E2948D-B9DD-4505-98D7-61AB6D854A2E}"
EndProject
Project("{9A19103F-16F7-4668-BE54-9A1E7A4F7556}") = "hospitals.Utilities", "hospitals.Utilities\hospitals.Utilities.csproj", "{048E84E8-ECF7-4EA0-B293-8F6ADCE6C6EE}"
EndProject
Global
	GlobalSection(SolutionConfigurationPlatforms) = preSolution
		Debug|Any CPU = Debug|Any CPU
		Release|Any CPU = Release|Any CPU
	EndGlobalSection
	GlobalSection(ProjectConfigurationPlatforms) = postSolution
		{54342139-E425-4AB4-B723-3FC7FD764E25}.Debug|Any CPU.ActiveCfg = Debug|Any CPU
		{54342139-E425-4AB4-B723-3FC7FD764E25}.Debug|Any CPU.Build.0 = Debug|Any CPU
		{54342139-E425-4AB4-B723-3FC7FD764E25}.Release|Any CPU.ActiveCfg = Release|Any CPU
		{54342139-E425-4AB4-B723-3FC7FD764E25}.Release|Any CPU.Build.0 = Release|Any CPU
		{A26763CE-BF59-4674-BA47-1F201762609B}.Debug|Any CPU.ActiveCfg = Debug|Any CPU
		{A26763CE-BF59-4674-BA47-1F201762609B}.Debug|Any CPU.Build.0 = Debug|Any CPU
		{A26763CE-BF59-4674-BA47-1F201762609B}.Release|Any CPU.ActiveCfg = Release|Any CPU
		{A26763CE-BF59-4674-BA47-1F201762609B}.Release|Any CPU.Build.0 = Release|Any CPU
		{8DD96446-BEB0-4391-8478-3655141B3BC2}.Debug|Any CPU.ActiveCfg = Debug|Any CPU
		{8DD96446-BEB0-4391-8478-3655141B3BC2}.Debug|Any CPU.Build.0 = Debug|Any CPU
		{8DD96446-BEB0-4391-8478-3655141B3BC2}.Release|Any CPU.ActiveCfg = Release|Any CPU
		{8DD96446-BEB0-4391-8478-3655141B3BC2}.Release|Any CPU.Build.0 = Release|Any CPU
		{D53D4C69-4221-493F-AE0A-6A1D545099A2}.Debug|Any CPU.ActiveCfg = Debug|Any CPU
		{D53D4C69-4221-493F-AE0A-6A1D545099A2}.Debug|Any CPU.Build.0 = Debug|Any CPU
		{D53D4C69-4221-493F-AE0A-6A1D545099A2}.Release|Any CPU.ActiveCfg = Release|Any CPU
		{D53D4C69-4221-493F-AE0A-6A1D545099A2}.Release|Any CPU.Build.0 = Release|Any CPU
		{76E2948D-B9DD-4505-98D7-61AB6D854A2E}.Debug|Any CPU.ActiveCfg = Debug|Any CPU
		{76E2948D-B9DD-4505-98D7-61AB6D854A2E}.Debug|Any CPU.Build.0 = Debug|Any CPU
		{76E2948D-B9DD-4505-98D7-61AB6D854A2E}.Release|Any CPU.ActiveCfg = Release|Any CPU
		{76E2948D-B9DD-4505-98D7-61AB6D854A2E}.Release|Any CPU.Build.0 = Release|Any CPU
		{048E84E8-ECF7-4EA0-B293-8F6ADCE6C6EE}.Debug|Any CPU.ActiveCfg = Debug|Any CPU
		{048E84E8-ECF7-4EA0-B293-8F6ADCE6C6EE}.Debug|Any CPU.Build.0 = Debug|Any CPU
		{048E84E8-ECF7-4EA0-B293-8F6ADCE6C6EE}.Release|Any CPU.ActiveCfg = Release|Any CPU
		{048E84E8-ECF7-4EA0-B293-8F6ADCE6C6EE}.Release|Any CPU.Build.0 = Release|Any CPU
	EndGlobalSection
	GlobalSection(SolutionProperties) = preSolution
		HideSolutionNode = FALSE
	EndGlobalSection
	GlobalSection(ExtensibilityGlobals) = postSolution
		SolutionGuid = {D3A87D2E-EE8C-4D5C-8921-6A73C12CE918}
	EndGlobalSection
EndGlobal
